
Microsoft Visual Studio Solution File, Format Version 12.00
# Visual Studio Version 16
VisualStudioVersion = 16.0.30804.86
MinimumVisualStudioVersion = 15.0.26124.0
Project("{FAE04EC0-301F-11D3-BF4B-00C04F79EFBC}") = "My_Application", "My_Application\My_Application.csproj", "{854B1E05-9378-4544-8B01-0546065AE210}"
EndProject
Project("{FAE04EC0-301F-11D3-BF4B-00C04F79EFBC}") = "Data", "Data\Data.csproj", "{4A4D2B41-5B30-44F1-8A7A-7422E9886C0C}"
EndProject
Project("{FAE04EC0-301F-11D3-BF4B-00C04F79EFBC}") = "Models", "Models\Models.csproj", "{3C88A46F-2DB3-4DBD-93DC-EFAAB1F1AC92}"
EndProject
Project("{FAE04EC0-301F-11D3-BF4B-00C04F79EFBC}") = "Moj", "Moj\Moj.csproj", "{5658274A-3D12-496F-8278-850657F34840}"
EndProject
Project("{FAE04EC0-301F-11D3-BF4B-00C04F79EFBC}") = "Resources", "Resources\Resources.csproj", "{5E9E2436-B9B4-45B0-94C3-35E2096EB07F}"
EndProject
Project("{FAE04EC0-301F-11D3-BF4B-00C04F79EFBC}") = "ViewModels", "ViewModels\ViewModels.csproj", "{3447D74F-A386-488A-AD95-B6F2AFF333E5}"
EndProject
Project("{FAE04EC0-301F-11D3-BF4B-00C04F79EFBC}") = "XUnitTestProject", "XUnitTestProject\XUnitTestProject.csproj", "{6016E006-016C-4D8F-88AB-8E7B9CB9D0AB}"
EndProject
Project("{FAE04EC0-301F-11D3-BF4B-00C04F79EFBC}") = "Service", "Service\Service.csproj", "{406A2DC2-642E-44C5-BD4B-0E9B63EDE69C}"
EndProject
Project("{FAE04EC0-301F-11D3-BF4B-00C04F79EFBC}") = "Validator", "Validator\Validator.csproj", "{F55E8788-0027-446D-B258-C939ECA1E844}"
EndProject
Global
	GlobalSection(SolutionConfigurationPlatforms) = preSolution
		Debug|Any CPU = Debug|Any CPU
		Debug|x64 = Debug|x64
		Debug|x86 = Debug|x86
		Release|Any CPU = Release|Any CPU
		Release|x64 = Release|x64
		Release|x86 = Release|x86
	EndGlobalSection
	GlobalSection(ProjectConfigurationPlatforms) = postSolution
		{854B1E05-9378-4544-8B01-0546065AE210}.Debug|Any CPU.ActiveCfg = Debug|Any CPU
		{854B1E05-9378-4544-8B01-0546065AE210}.Debug|Any CPU.Build.0 = Debug|Any CPU
		{854B1E05-9378-4544-8B01-0546065AE210}.Debug|x64.ActiveCfg = Debug|Any CPU
		{854B1E05-9378-4544-8B01-0546065AE210}.Debug|x64.Build.0 = Debug|Any CPU
		{854B1E05-9378-4544-8B01-0546065AE210}.Debug|x86.ActiveCfg = Debug|Any CPU
		{854B1E05-9378-4544-8B01-0546065AE210}.Debug|x86.Build.0 = Debug|Any CPU
		{854B1E05-9378-4544-8B01-0546065AE210}.Release|Any CPU.ActiveCfg = Release|Any CPU
		{854B1E05-9378-4544-8B01-0546065AE210}.Release|Any CPU.Build.0 = Release|Any CPU
		{854B1E05-9378-4544-8B01-0546065AE210}.Release|x64.ActiveCfg = Release|Any CPU
		{854B1E05-9378-4544-8B01-0546065AE210}.Release|x64.Build.0 = Release|Any CPU
		{854B1E05-9378-4544-8B01-0546065AE210}.Release|x86.ActiveCfg = Release|Any CPU
		{854B1E05-9378-4544-8B01-0546065AE210}.Release|x86.Build.0 = Release|Any CPU
		{4A4D2B41-5B30-44F1-8A7A-7422E9886C0C}.Debug|Any CPU.ActiveCfg = Debug|Any CPU
		{4A4D2B41-5B30-44F1-8A7A-7422E9886C0C}.Debug|Any CPU.Build.0 = Debug|Any CPU
		{4A4D2B41-5B30-44F1-8A7A-7422E9886C0C}.Debug|x64.ActiveCfg = Debug|Any CPU
		{4A4D2B41-5B30-44F1-8A7A-7422E9886C0C}.Debug|x64.Build.0 = Debug|Any CPU
		{4A4D2B41-5B30-44F1-8A7A-7422E9886C0C}.Debug|x86.ActiveCfg = Debug|Any CPU
		{4A4D2B41-5B30-44F1-8A7A-7422E9886C0C}.Debug|x86.Build.0 = Debug|Any CPU
		{4A4D2B41-5B30-44F1-8A7A-7422E9886C0C}.Release|Any CPU.ActiveCfg = Release|Any CPU
		{4A4D2B41-5B30-44F1-8A7A-7422E9886C0C}.Release|Any CPU.Build.0 = Release|Any CPU
		{4A4D2B41-5B30-44F1-8A7A-7422E9886C0C}.Release|x64.ActiveCfg = Release|Any CPU
		{4A4D2B41-5B30-44F1-8A7A-7422E9886C0C}.Release|x64.Build.0 = Release|Any CPU
		{4A4D2B41-5B30-44F1-8A7A-7422E9886C0C}.Release|x86.ActiveCfg = Release|Any CPU
		{4A4D2B41-5B30-44F1-8A7A-7422E9886C0C}.Release|x86.Build.0 = Release|Any CPU
		{3C88A46F-2DB3-4DBD-93DC-EFAAB1F1AC92}.Debug|Any CPU.ActiveCfg = Debug|Any CPU
		{3C88A46F-2DB3-4DBD-93DC-EFAAB1F1AC92}.Debug|Any CPU.Build.0 = Debug|Any CPU
		{3C88A46F-2DB3-4DBD-93DC-EFAAB1F1AC92}.Debug|x64.ActiveCfg = Debug|Any CPU
		{3C88A46F-2DB3-4DBD-93DC-EFAAB1F1AC92}.Debug|x64.Build.0 = Debug|Any CPU
		{3C88A46F-2DB3-4DBD-93DC-EFAAB1F1AC92}.Debug|x86.ActiveCfg = Debug|Any CPU
		{3C88A46F-2DB3-4DBD-93DC-EFAAB1F1AC92}.Debug|x86.Build.0 = Debug|Any CPU
		{3C88A46F-2DB3-4DBD-93DC-EFAAB1F1AC92}.Release|Any CPU.ActiveCfg = Release|Any CPU
		{3C88A46F-2DB3-4DBD-93DC-EFAAB1F1AC92}.Release|Any CPU.Build.0 = Release|Any CPU
		{3C88A46F-2DB3-4DBD-93DC-EFAAB1F1AC92}.Release|x64.ActiveCfg = Release|Any CPU
		{3C88A46F-2DB3-4DBD-93DC-EFAAB1F1AC92}.Release|x64.Build.0 = Release|Any CPU
		{3C88A46F-2DB3-4DBD-93DC-EFAAB1F1AC92}.Release|x86.ActiveCfg = Release|Any CPU
		{3C88A46F-2DB3-4DBD-93DC-EFAAB1F1AC92}.Release|x86.Build.0 = Release|Any CPU
		{5658274A-3D12-496F-8278-850657F34840}.Debug|Any CPU.ActiveCfg = Debug|Any CPU
		{5658274A-3D12-496F-8278-850657F34840}.Debug|Any CPU.Build.0 = Debug|Any CPU
		{5658274A-3D12-496F-8278-850657F34840}.Debug|x64.ActiveCfg = Debug|Any CPU
		{5658274A-3D12-496F-8278-850657F34840}.Debug|x64.Build.0 = Debug|Any CPU
		{5658274A-3D12-496F-8278-850657F34840}.Debug|x86.ActiveCfg = Debug|Any CPU
		{5658274A-3D12-496F-8278-850657F34840}.Debug|x86.Build.0 = Debug|Any CPU
		{5658274A-3D12-496F-8278-850657F34840}.Release|Any CPU.ActiveCfg = Release|Any CPU
		{5658274A-3D12-496F-8278-850657F34840}.Release|Any CPU.Build.0 = Release|Any CPU
		{5658274A-3D12-496F-8278-850657F34840}.Release|x64.ActiveCfg = Release|Any CPU
		{5658274A-3D12-496F-8278-850657F34840}.Release|x64.Build.0 = Release|Any CPU
		{5658274A-3D12-496F-8278-850657F34840}.Release|x86.ActiveCfg = Release|Any CPU
		{5658274A-3D12-496F-8278-850657F34840}.Release|x86.Build.0 = Release|Any CPU
		{5E9E2436-B9B4-45B0-94C3-35E2096EB07F}.Debug|Any CPU.ActiveCfg = Debug|Any CPU
		{5E9E2436-B9B4-45B0-94C3-35E2096EB07F}.Debug|Any CPU.Build.0 = Debug|Any CPU
		{5E9E2436-B9B4-45B0-94C3-35E2096EB07F}.Debug|x64.ActiveCfg = Debug|Any CPU
		{5E9E2436-B9B4-45B0-94C3-35E2096EB07F}.Debug|x64.Build.0 = Debug|Any CPU
		{5E9E2436-B9B4-45B0-94C3-35E2096EB07F}.Debug|x86.ActiveCfg = Debug|Any CPU
		{5E9E2436-B9B4-45B0-94C3-35E2096EB07F}.Debug|x86.Build.0 = Debug|Any CPU
		{5E9E2436-B9B4-45B0-94C3-35E2096EB07F}.Release|Any CPU.ActiveCfg = Release|Any CPU
		{5E9E2436-B9B4-45B0-94C3-35E2096EB07F}.Release|Any CPU.Build.0 = Release|Any CPU
		{5E9E2436-B9B4-45B0-94C3-35E2096EB07F}.Release|x64.ActiveCfg = Release|Any CPU
		{5E9E2436-B9B4-45B0-94C3-35E2096EB07F}.Release|x64.Build.0 = Release|Any CPU
		{5E9E2436-B9B4-45B0-94C3-35E2096EB07F}.Release|x86.ActiveCfg = Release|Any CPU
		{5E9E2436-B9B4-45B0-94C3-35E2096EB07F}.Release|x86.Build.0 = Release|Any CPU
		{3447D74F-A386-488A-AD95-B6F2AFF333E5}.Debug|Any CPU.ActiveCfg = Debug|Any CPU
		{3447D74F-A386-488A-AD95-B6F2AFF333E5}.Debug|Any CPU.Build.0 = Debug|Any CPU
		{3447D74F-A386-488A-AD95-B6F2AFF333E5}.Debug|x64.ActiveCfg = Debug|Any CPU
		{3447D74F-A386-488A-AD95-B6F2AFF333E5}.Debug|x64.Build.0 = Debug|Any CPU
		{3447D74F-A386-488A-AD95-B6F2AFF333E5}.Debug|x86.ActiveCfg = Debug|Any CPU
		{3447D74F-A386-488A-AD95-B6F2AFF333E5}.Debug|x86.Build.0 = Debug|Any CPU
		{3447D74F-A386-488A-AD95-B6F2AFF333E5}.Release|Any CPU.ActiveCfg = Release|Any CPU
		{3447D74F-A386-488A-AD95-B6F2AFF333E5}.Release|Any CPU.Build.0 = Release|Any CPU
		{3447D74F-A386-488A-AD95-B6F2AFF333E5}.Release|x64.ActiveCfg = Release|Any CPU
		{3447D74F-A386-488A-AD95-B6F2AFF333E5}.Release|x64.Build.0 = Release|Any CPU
		{3447D74F-A386-488A-AD95-B6F2AFF333E5}.Release|x86.ActiveCfg = Release|Any CPU
		{3447D74F-A386-488A-AD95-B6F2AFF333E5}.Release|x86.Build.0 = Release|Any CPU
		{6016E006-016C-4D8F-88AB-8E7B9CB9D0AB}.Debug|Any CPU.ActiveCfg = Debug|Any CPU
		{6016E006-016C-4D8F-88AB-8E7B9CB9D0AB}.Debug|Any CPU.Build.0 = Debug|Any CPU
		{6016E006-016C-4D8F-88AB-8E7B9CB9D0AB}.Debug|x64.ActiveCfg = Debug|Any CPU
		{6016E006-016C-4D8F-88AB-8E7B9CB9D0AB}.Debug|x64.Build.0 = Debug|Any CPU
		{6016E006-016C-4D8F-88AB-8E7B9CB9D0AB}.Debug|x86.ActiveCfg = Debug|Any CPU
		{6016E006-016C-4D8F-88AB-8E7B9CB9D0AB}.Debug|x86.Build.0 = Debug|Any CPU
		{6016E006-016C-4D8F-88AB-8E7B9CB9D0AB}.Release|Any CPU.ActiveCfg = Release|Any CPU
		{6016E006-016C-4D8F-88AB-8E7B9CB9D0AB}.Release|Any CPU.Build.0 = Release|Any CPU
		{6016E006-016C-4D8F-88AB-8E7B9CB9D0AB}.Release|x64.ActiveCfg = Release|Any CPU
		{6016E006-016C-4D8F-88AB-8E7B9CB9D0AB}.Release|x64.Build.0 = Release|Any CPU
		{6016E006-016C-4D8F-88AB-8E7B9CB9D0AB}.Release|x86.ActiveCfg = Release|Any CPU
		{6016E006-016C-4D8F-88AB-8E7B9CB9D0AB}.Release|x86.Build.0 = Release|Any CPU
		{406A2DC2-642E-44C5-BD4B-0E9B63EDE69C}.Debug|Any CPU.ActiveCfg = Debug|Any CPU
		{406A2DC2-642E-44C5-BD4B-0E9B63EDE69C}.Debug|Any CPU.Build.0 = Debug|Any CPU
		{406A2DC2-642E-44C5-BD4B-0E9B63EDE69C}.Debug|x64.ActiveCfg = Debug|Any CPU
		{406A2DC2-642E-44C5-BD4B-0E9B63EDE69C}.Debug|x64.Build.0 = Debug|Any CPU
		{406A2DC2-642E-44C5-BD4B-0E9B63EDE69C}.Debug|x86.ActiveCfg = Debug|Any CPU
		{406A2DC2-642E-44C5-BD4B-0E9B63EDE69C}.Debug|x86.Build.0 = Debug|Any CPU
		{406A2DC2-642E-44C5-BD4B-0E9B63EDE69C}.Release|Any CPU.ActiveCfg = Release|Any CPU
		{406A2DC2-642E-44C5-BD4B-0E9B63EDE69C}.Release|Any CPU.Build.0 = Release|Any CPU
		{406A2DC2-642E-44C5-BD4B-0E9B63EDE69C}.Release|x64.ActiveCfg = Release|Any CPU
		{406A2DC2-642E-44C5-BD4B-0E9B63EDE69C}.Release|x64.Build.0 = Release|Any CPU
		{406A2DC2-642E-44C5-BD4B-0E9B63EDE69C}.Release|x86.ActiveCfg = Release|Any CPU
		{406A2DC2-642E-44C5-BD4B-0E9B63EDE69C}.Release|x86.Build.0 = Release|Any CPU
		{F55E8788-0027-446D-B258-C939ECA1E844}.Debug|Any CPU.ActiveCfg = Debug|Any CPU
		{F55E8788-0027-446D-B258-C939ECA1E844}.Debug|Any CPU.Build.0 = Debug|Any CPU
		{F55E8788-0027-446D-B258-C939ECA1E844}.Debug|x64.ActiveCfg = Debug|Any CPU
		{F55E8788-0027-446D-B258-C939ECA1E844}.Debug|x64.Build.0 = Debug|Any CPU
		{F55E8788-0027-446D-B258-C939ECA1E844}.Debug|x86.ActiveCfg = Debug|Any CPU
		{F55E8788-0027-446D-B258-C939ECA1E844}.Debug|x86.Build.0 = Debug|Any CPU
		{F55E8788-0027-446D-B258-C939ECA1E844}.Release|Any CPU.ActiveCfg = Release|Any CPU
		{F55E8788-0027-446D-B258-C939ECA1E844}.Release|Any CPU.Build.0 = Release|Any CPU
		{F55E8788-0027-446D-B258-C939ECA1E844}.Release|x64.ActiveCfg = Release|Any CPU
		{F55E8788-0027-446D-B258-C939ECA1E844}.Release|x64.Build.0 = Release|Any CPU
		{F55E8788-0027-446D-B258-C939ECA1E844}.Release|x86.ActiveCfg = Release|Any CPU
		{F55E8788-0027-446D-B258-C939ECA1E844}.Release|x86.Build.0 = Release|Any CPU
	EndGlobalSection
	GlobalSection(SolutionProperties) = preSolution
		HideSolutionNode = FALSE
	EndGlobalSection
	GlobalSection(ExtensibilityGlobals) = postSolution
		SolutionGuid = {7C1FAA73-9303-4BB5-B556-56944F5665D6}
	EndGlobalSection
EndGlobal
